
Microsoft Visual Studio Solution File, Format Version 12.00
# Visual Studio Version 16
VisualStudioVersion = 16.0.30517.126
MinimumVisualStudioVersion = 10.0.40219.1
Project("{FAE04EC0-301F-11D3-BF4B-00C04F79EFBC}") = "Labun Lab 3_3 part2", "Labun Lab 3_3 part2.csproj", "{0413FCB0-BA1C-427B-9FC8-AC79BB44680A}"
EndProject
Project("{FAE04EC0-301F-11D3-BF4B-00C04F79EFBC}") = "PL", "..\PL\PL.csproj", "{24C8AC8E-543D-43BA-AECD-9DD0EF0D4843}"
EndProject
Project("{FAE04EC0-301F-11D3-BF4B-00C04F79EFBC}") = "BLL", "..\BLL\BLL.csproj", "{DD7E4337-AA7E-4C25-B97F-676E40247964}"
EndProject
Project("{FAE04EC0-301F-11D3-BF4B-00C04F79EFBC}") = "DAL", "..\DAL\DAL.csproj", "{029C7129-95C2-48C6-819E-553E55F66C27}"
EndProject
Project("{FAE04EC0-301F-11D3-BF4B-00C04F79EFBC}") = "Labun Lab 3_3 part2.Tests", "..\Labun Lab 3_3 part2.Tests\Labun Lab 3_3 part2.Tests.csproj", "{C252536A-D17E-4D35-8174-5767F8CEF614}"
EndProject
Global
	GlobalSection(SolutionConfigurationPlatforms) = preSolution
		Debug|Any CPU = Debug|Any CPU
		Release|Any CPU = Release|Any CPU
	EndGlobalSection
	GlobalSection(ProjectConfigurationPlatforms) = postSolution
		{0413FCB0-BA1C-427B-9FC8-AC79BB44680A}.Debug|Any CPU.ActiveCfg = Debug|Any CPU
		{0413FCB0-BA1C-427B-9FC8-AC79BB44680A}.Debug|Any CPU.Build.0 = Debug|Any CPU
		{0413FCB0-BA1C-427B-9FC8-AC79BB44680A}.Release|Any CPU.ActiveCfg = Release|Any CPU
		{0413FCB0-BA1C-427B-9FC8-AC79BB44680A}.Release|Any CPU.Build.0 = Release|Any CPU
		{24C8AC8E-543D-43BA-AECD-9DD0EF0D4843}.Debug|Any CPU.ActiveCfg = Debug|Any CPU
		{24C8AC8E-543D-43BA-AECD-9DD0EF0D4843}.Debug|Any CPU.Build.0 = Debug|Any CPU
		{24C8AC8E-543D-43BA-AECD-9DD0EF0D4843}.Release|Any CPU.ActiveCfg = Release|Any CPU
		{24C8AC8E-543D-43BA-AECD-9DD0EF0D4843}.Release|Any CPU.Build.0 = Release|Any CPU
		{DD7E4337-AA7E-4C25-B97F-676E40247964}.Debug|Any CPU.ActiveCfg = Debug|Any CPU
		{DD7E4337-AA7E-4C25-B97F-676E40247964}.Debug|Any CPU.Build.0 = Debug|Any CPU
		{DD7E4337-AA7E-4C25-B97F-676E40247964}.Release|Any CPU.ActiveCfg = Release|Any CPU
		{DD7E4337-AA7E-4C25-B97F-676E40247964}.Release|Any CPU.Build.0 = Release|Any CPU
		{029C7129-95C2-48C6-819E-553E55F66C27}.Debug|Any CPU.ActiveCfg = Debug|Any CPU
		{029C7129-95C2-48C6-819E-553E55F66C27}.Debug|Any CPU.Build.0 = Debug|Any CPU
		{029C7129-95C2-48C6-819E-553E55F66C27}.Release|Any CPU.ActiveCfg = Release|Any CPU
		{029C7129-95C2-48C6-819E-553E55F66C27}.Release|Any CPU.Build.0 = Release|Any CPU
		{C252536A-D17E-4D35-8174-5767F8CEF614}.Debug|Any CPU.ActiveCfg = Debug|Any CPU
		{C252536A-D17E-4D35-8174-5767F8CEF614}.Debug|Any CPU.Build.0 = Debug|Any CPU
		{C252536A-D17E-4D35-8174-5767F8CEF614}.Release|Any CPU.ActiveCfg = Release|Any CPU
		{C252536A-D17E-4D35-8174-5767F8CEF614}.Release|Any CPU.Build.0 = Release|Any CPU
	EndGlobalSection
	GlobalSection(SolutionProperties) = preSolution
		HideSolutionNode = FALSE
	EndGlobalSection
	GlobalSection(ExtensibilityGlobals) = postSolution
		SolutionGuid = {57FCB3FB-14D5-4A14-B15E-C35E07DE0E89}
	EndGlobalSection
EndGlobal
